
Microsoft Visual Studio Solution File, Format Version 12.00
# Visual Studio Version 16
VisualStudioVersion = 16.0.31624.102
MinimumVisualStudioVersion = 10.0.40219.1
Project("{9A19103F-16F7-4668-BE54-9A1E7A4F7556}") = "TestExtractor", "TestExtractor\TestExtractor.csproj", "{174165B5-7331-4ACE-92EE-265185D4A760}"
EndProject
Project("{FAE04EC0-301F-11D3-BF4B-00C04F79EFBC}") = "TestExtractorTests", "TestExtractorTests\TestExtractorTests.csproj", "{5A724DBC-CEE3-416A-9034-DB9459340E3C}"
EndProject
Global
	GlobalSection(SolutionConfigurationPlatforms) = preSolution
		Debug|Any CPU = Debug|Any CPU
		Release|Any CPU = Release|Any CPU
	EndGlobalSection
	GlobalSection(ProjectConfigurationPlatforms) = postSolution
		{174165B5-7331-4ACE-92EE-265185D4A760}.Debug|Any CPU.ActiveCfg = Debug|Any CPU
		{174165B5-7331-4ACE-92EE-265185D4A760}.Debug|Any CPU.Build.0 = Debug|Any CPU
		{174165B5-7331-4ACE-92EE-265185D4A760}.Release|Any CPU.ActiveCfg = Release|Any CPU
		{174165B5-7331-4ACE-92EE-265185D4A760}.Release|Any CPU.Build.0 = Release|Any CPU
		{5A724DBC-CEE3-416A-9034-DB9459340E3C}.Debug|Any CPU.ActiveCfg = Debug|Any CPU
		{5A724DBC-CEE3-416A-9034-DB9459340E3C}.Debug|Any CPU.Build.0 = Debug|Any CPU
		{5A724DBC-CEE3-416A-9034-DB9459340E3C}.Release|Any CPU.ActiveCfg = Release|Any CPU
		{5A724DBC-CEE3-416A-9034-DB9459340E3C}.Release|Any CPU.Build.0 = Release|Any CPU
	EndGlobalSection
	GlobalSection(SolutionProperties) = preSolution
		HideSolutionNode = FALSE
	EndGlobalSection
	GlobalSection(ExtensibilityGlobals) = postSolution
		SolutionGuid = {658ED9D0-40A9-449F-B9FA-953C962439F1}
	EndGlobalSection
EndGlobal
